
Microsoft Visual Studio Solution File, Format Version 12.00
# Visual Studio Version 17
VisualStudioVersion = 17.14.36121.58 d17.14
MinimumVisualStudioVersion = 10.0.40219.1
Project("{FAE04EC0-301F-11D3-BF4B-00C04F79EFBC}") = "ProceduralRacing", "ProceduralRacing\ProceduralRacing.csproj", "{43AD535D-60E8-4F02-873A-CB798F76E6F3}"
EndProject
Global
	GlobalSection(SolutionConfigurationPlatforms) = preSolution
		Debug|Any CPU = Debug|Any CPU
		Release|Any CPU = Release|Any CPU
	EndGlobalSection
	GlobalSection(ProjectConfigurationPlatforms) = postSolution
		{43AD535D-60E8-4F02-873A-CB798F76E6F3}.Debug|Any CPU.ActiveCfg = Debug|Any CPU
		{43AD535D-60E8-4F02-873A-CB798F76E6F3}.Debug|Any CPU.Build.0 = Debug|Any CPU
		{43AD535D-60E8-4F02-873A-CB798F76E6F3}.Release|Any CPU.ActiveCfg = Release|Any CPU
		{43AD535D-60E8-4F02-873A-CB798F76E6F3}.Release|Any CPU.Build.0 = Release|Any CPU
	EndGlobalSection
	GlobalSection(SolutionProperties) = preSolution
		HideSolutionNode = FALSE
	EndGlobalSection
	GlobalSection(ExtensibilityGlobals) = postSolution
		SolutionGuid = {6992C554-AEA8-4FB6-A89C-60051B504C8B}
	EndGlobalSection
EndGlobal
